
Microsoft Visual Studio Solution File, Format Version 12.00
# Visual Studio 15
VisualStudioVersion = 15.0.28307.421
MinimumVisualStudioVersion = 10.0.40219.1
Project("{FAE04EC0-301F-11D3-BF4B-00C04F79EFBC}") = "Hello_Forms", "Hello_Forms\Hello_Forms.csproj", "{58B70365-057D-4641-897C-05508AF17F1B}"
EndProject
Global
	GlobalSection(SolutionConfigurationPlatforms) = preSolution
		Debug|Any CPU = Debug|Any CPU
		Release|Any CPU = Release|Any CPU
	EndGlobalSection
	GlobalSection(ProjectConfigurationPlatforms) = postSolution
		{58B70365-057D-4641-897C-05508AF17F1B}.Debug|Any CPU.ActiveCfg = Debug|Any CPU
		{58B70365-057D-4641-897C-05508AF17F1B}.Debug|Any CPU.Build.0 = Debug|Any CPU
		{58B70365-057D-4641-897C-05508AF17F1B}.Release|Any CPU.ActiveCfg = Release|Any CPU
		{58B70365-057D-4641-897C-05508AF17F1B}.Release|Any CPU.Build.0 = Release|Any CPU
	EndGlobalSection
	GlobalSection(SolutionProperties) = preSolution
		HideSolutionNode = FALSE
	EndGlobalSection
	GlobalSection(ExtensibilityGlobals) = postSolution
		SolutionGuid = {1F7078CA-3BA4-476F-B755-2C05F6FECF97}
	EndGlobalSection
EndGlobal
