
Microsoft Visual Studio Solution File, Format Version 12.00
# Visual Studio 15
VisualStudioVersion = 15.0.28307.421
MinimumVisualStudioVersion = 10.0.40219.1
Project("{FAE04EC0-301F-11D3-BF4B-00C04F79EFBC}") = "Hello_Instantiation", "Hello_Instantiation\Hello_Instantiation.csproj", "{A728A3DA-E55D-4C3B-841A-4257B0799BD7}"
EndProject
Global
	GlobalSection(SolutionConfigurationPlatforms) = preSolution
		Debug|Any CPU = Debug|Any CPU
		Release|Any CPU = Release|Any CPU
	EndGlobalSection
	GlobalSection(ProjectConfigurationPlatforms) = postSolution
		{A728A3DA-E55D-4C3B-841A-4257B0799BD7}.Debug|Any CPU.ActiveCfg = Debug|Any CPU
		{A728A3DA-E55D-4C3B-841A-4257B0799BD7}.Debug|Any CPU.Build.0 = Debug|Any CPU
		{A728A3DA-E55D-4C3B-841A-4257B0799BD7}.Release|Any CPU.ActiveCfg = Release|Any CPU
		{A728A3DA-E55D-4C3B-841A-4257B0799BD7}.Release|Any CPU.Build.0 = Release|Any CPU
	EndGlobalSection
	GlobalSection(SolutionProperties) = preSolution
		HideSolutionNode = FALSE
	EndGlobalSection
	GlobalSection(ExtensibilityGlobals) = postSolution
		SolutionGuid = {FF1080BB-B863-43C7-8BF1-692F165BE865}
	EndGlobalSection
EndGlobal
